{
  "requires": true,
  "lockfileVersion": 1,
  "dependencies": {
    "blueimp-canvas-to-blob": {
      "version": "3.20.0",
      "resolved": "https://registry.npmjs.org/blueimp-canvas-to-blob/-/blueimp-canvas-to-blob-3.20.0.tgz",
      "integrity": "sha512-2djdcgqRL+D7j51uP1Xi74x6LQmk7Gym0RL6Da+puzY1OZZMU960dN6nJJU+CHuX1PYQ20Ecpzogk0F5noh6WA==",
      "optional": true
    },
    "blueimp-file-upload": {
      "version": "10.13.1",
      "resolved": "https://registry.npmjs.org/blueimp-file-upload/-/blueimp-file-upload-10.13.1.tgz",
      "integrity": "sha512-jddkJPO6f5LHDlOJOIIEyTmGM1o8ewCfNskaKL0QWvah6B+jb91LEJQ5CzsNhcTS7UIiEeRJB4n1+gvHtYQFaA==",
      "requires": {
        "blueimp-canvas-to-blob": "3",
        "blueimp-load-image": "3",
        "blueimp-tmpl": "3"
      }
    },
    "blueimp-load-image": {
      "version": "3.0.0",
      "resolved": "https://registry.npmjs.org/blueimp-load-image/-/blueimp-load-image-3.0.0.tgz",
      "integrity": "sha512-Q9rFbd4ZUNvzSFmRXx9MoG0RwWwJeMjjEUbG7WIOJgUg22Jgkow0wL5b35B6qwiBscxACW9OHdrP5s2vQ3x8DQ==",
      "optional": true
    },
    "blueimp-tmpl": {
      "version": "3.14.0",
      "resolved": "https://registry.npmjs.org/blueimp-tmpl/-/blueimp-tmpl-3.14.0.tgz",
      "integrity": "sha512-mA8iwfEVkvpjtBXpRp25DxGqW2YOZqC9FVLLOa03Qwdsd6J4kVyL1noC04arAm0CNsu3Y0FmxkAOt+x2MoxpYA==",
      "optional": true
    }
  }
}
